
Microsoft Visual Studio Solution File, Format Version 12.00
# Visual Studio Version 17
VisualStudioVersion = 17.1.32210.238
MinimumVisualStudioVersion = 10.0.40219.1
Project("{9A19103F-16F7-4668-BE54-9A1E7A4F7556}") = "PasswordManager", "PasswordManager\PasswordManager.csproj", "{61B0763E-75D0-4013-961A-DECD03BFD9BE}"
EndProject
Project("{54435603-DBB4-11D2-8724-00A0C9A8B90C}") = "PasswordManager Installer", "PasswordManager Installer\PasswordManager Installer.vdproj", "{C066782F-D389-456C-8928-1181EF5C1A5B}"
EndProject
Global
	GlobalSection(SolutionConfigurationPlatforms) = preSolution
		Debug|Any CPU = Debug|Any CPU
		Release|Any CPU = Release|Any CPU
	EndGlobalSection
	GlobalSection(ProjectConfigurationPlatforms) = postSolution
		{61B0763E-75D0-4013-961A-DECD03BFD9BE}.Debug|Any CPU.ActiveCfg = Debug|Any CPU
		{61B0763E-75D0-4013-961A-DECD03BFD9BE}.Debug|Any CPU.Build.0 = Debug|Any CPU
		{61B0763E-75D0-4013-961A-DECD03BFD9BE}.Release|Any CPU.ActiveCfg = Release|Any CPU
		{61B0763E-75D0-4013-961A-DECD03BFD9BE}.Release|Any CPU.Build.0 = Release|Any CPU
		{C066782F-D389-456C-8928-1181EF5C1A5B}.Debug|Any CPU.ActiveCfg = Debug
		{C066782F-D389-456C-8928-1181EF5C1A5B}.Release|Any CPU.ActiveCfg = Release
	EndGlobalSection
	GlobalSection(SolutionProperties) = preSolution
		HideSolutionNode = FALSE
	EndGlobalSection
	GlobalSection(ExtensibilityGlobals) = postSolution
		SolutionGuid = {A1D44AA0-35A5-431A-BFF9-2D5C43251927}
	EndGlobalSection
EndGlobal
