
Microsoft Visual Studio Solution File, Format Version 12.00
# Visual Studio Version 17
VisualStudioVersion = 17.1.32210.238
MinimumVisualStudioVersion = 10.0.40219.1
Project("{9A19103F-16F7-4668-BE54-9A1E7A4F7556}") = "PasswordManager", "PasswordManager\PasswordManager.csproj", "{61B0763E-75D0-4013-961A-DECD03BFD9BE}"
EndProject
Project("{54435603-DBB4-11D2-8724-00A0C9A8B90C}") = "PasswordManager Installer", "PasswordManager Installer\PasswordManager Installer.vdproj", "{C066782F-D389-456C-8928-1181EF5C1A5B}"
EndProject
Project("{9A19103F-16F7-4668-BE54-9A1E7A4F7556}") = "BinToJsonConverter", "BinToJsonConverter\BinToJsonConverter.csproj", "{AD6427A3-6297-4274-9877-E6D122921AFB}"
EndProject
Project("{FAE04EC0-301F-11D3-BF4B-00C04F79EFBC}") = "PMUtils", "PMUtils\PMUtils.csproj", "{AD39DE7E-7D43-4C7F-9052-EE22A49D7070}"
EndProject
Global
	GlobalSection(SolutionConfigurationPlatforms) = preSolution
		All|Any CPU = All|Any CPU
		All|ARM = All|ARM
		All|ARM64 = All|ARM64
		All|x64 = All|x64
		All|x86 = All|x86
		Debug|Any CPU = Debug|Any CPU
		Debug|ARM = Debug|ARM
		Debug|ARM64 = Debug|ARM64
		Debug|x64 = Debug|x64
		Debug|x86 = Debug|x86
		Release|Any CPU = Release|Any CPU
		Release|ARM = Release|ARM
		Release|ARM64 = Release|ARM64
		Release|x64 = Release|x64
		Release|x86 = Release|x86
	EndGlobalSection
	GlobalSection(ProjectConfigurationPlatforms) = postSolution
		{61B0763E-75D0-4013-961A-DECD03BFD9BE}.All|Any CPU.ActiveCfg = Release|Any CPU
		{61B0763E-75D0-4013-961A-DECD03BFD9BE}.All|Any CPU.Build.0 = Release|Any CPU
		{61B0763E-75D0-4013-961A-DECD03BFD9BE}.All|ARM.ActiveCfg = Release|Any CPU
		{61B0763E-75D0-4013-961A-DECD03BFD9BE}.All|ARM.Build.0 = Release|Any CPU
		{61B0763E-75D0-4013-961A-DECD03BFD9BE}.All|ARM64.ActiveCfg = Release|Any CPU
		{61B0763E-75D0-4013-961A-DECD03BFD9BE}.All|ARM64.Build.0 = Release|Any CPU
		{61B0763E-75D0-4013-961A-DECD03BFD9BE}.All|x64.ActiveCfg = Release|Any CPU
		{61B0763E-75D0-4013-961A-DECD03BFD9BE}.All|x64.Build.0 = Release|Any CPU
		{61B0763E-75D0-4013-961A-DECD03BFD9BE}.All|x86.ActiveCfg = Release|Any CPU
		{61B0763E-75D0-4013-961A-DECD03BFD9BE}.All|x86.Build.0 = Release|Any CPU
		{61B0763E-75D0-4013-961A-DECD03BFD9BE}.Debug|Any CPU.ActiveCfg = Debug|Any CPU
		{61B0763E-75D0-4013-961A-DECD03BFD9BE}.Debug|Any CPU.Build.0 = Debug|Any CPU
		{61B0763E-75D0-4013-961A-DECD03BFD9BE}.Debug|ARM.ActiveCfg = Debug|Any CPU
		{61B0763E-75D0-4013-961A-DECD03BFD9BE}.Debug|ARM.Build.0 = Debug|Any CPU
		{61B0763E-75D0-4013-961A-DECD03BFD9BE}.Debug|ARM64.ActiveCfg = Debug|Any CPU
		{61B0763E-75D0-4013-961A-DECD03BFD9BE}.Debug|ARM64.Build.0 = Debug|Any CPU
		{61B0763E-75D0-4013-961A-DECD03BFD9BE}.Debug|x64.ActiveCfg = Debug|Any CPU
		{61B0763E-75D0-4013-961A-DECD03BFD9BE}.Debug|x64.Build.0 = Debug|Any CPU
		{61B0763E-75D0-4013-961A-DECD03BFD9BE}.Debug|x86.ActiveCfg = Debug|Any CPU
		{61B0763E-75D0-4013-961A-DECD03BFD9BE}.Debug|x86.Build.0 = Debug|Any CPU
		{61B0763E-75D0-4013-961A-DECD03BFD9BE}.Release|Any CPU.ActiveCfg = Release|Any CPU
		{61B0763E-75D0-4013-961A-DECD03BFD9BE}.Release|Any CPU.Build.0 = Release|Any CPU
		{61B0763E-75D0-4013-961A-DECD03BFD9BE}.Release|ARM.ActiveCfg = Release|Any CPU
		{61B0763E-75D0-4013-961A-DECD03BFD9BE}.Release|ARM.Build.0 = Release|Any CPU
		{61B0763E-75D0-4013-961A-DECD03BFD9BE}.Release|ARM64.ActiveCfg = Release|Any CPU
		{61B0763E-75D0-4013-961A-DECD03BFD9BE}.Release|ARM64.Build.0 = Release|Any CPU
		{61B0763E-75D0-4013-961A-DECD03BFD9BE}.Release|x64.ActiveCfg = Release|Any CPU
		{61B0763E-75D0-4013-961A-DECD03BFD9BE}.Release|x64.Build.0 = Release|Any CPU
		{61B0763E-75D0-4013-961A-DECD03BFD9BE}.Release|x86.ActiveCfg = Release|Any CPU
		{61B0763E-75D0-4013-961A-DECD03BFD9BE}.Release|x86.Build.0 = Release|Any CPU
		{C066782F-D389-456C-8928-1181EF5C1A5B}.All|Any CPU.ActiveCfg = Release
		{C066782F-D389-456C-8928-1181EF5C1A5B}.All|Any CPU.Build.0 = Release
		{C066782F-D389-456C-8928-1181EF5C1A5B}.All|ARM.ActiveCfg = Release
		{C066782F-D389-456C-8928-1181EF5C1A5B}.All|ARM.Build.0 = Release
		{C066782F-D389-456C-8928-1181EF5C1A5B}.All|ARM64.ActiveCfg = Release
		{C066782F-D389-456C-8928-1181EF5C1A5B}.All|ARM64.Build.0 = Release
		{C066782F-D389-456C-8928-1181EF5C1A5B}.All|x64.ActiveCfg = Release
		{C066782F-D389-456C-8928-1181EF5C1A5B}.All|x64.Build.0 = Release
		{C066782F-D389-456C-8928-1181EF5C1A5B}.All|x86.ActiveCfg = Release
		{C066782F-D389-456C-8928-1181EF5C1A5B}.All|x86.Build.0 = Release
		{C066782F-D389-456C-8928-1181EF5C1A5B}.Debug|Any CPU.ActiveCfg = Debug
		{C066782F-D389-456C-8928-1181EF5C1A5B}.Debug|ARM.ActiveCfg = Debug
		{C066782F-D389-456C-8928-1181EF5C1A5B}.Debug|ARM.Build.0 = Debug
		{C066782F-D389-456C-8928-1181EF5C1A5B}.Debug|ARM64.ActiveCfg = Debug
		{C066782F-D389-456C-8928-1181EF5C1A5B}.Debug|ARM64.Build.0 = Debug
		{C066782F-D389-456C-8928-1181EF5C1A5B}.Debug|x64.ActiveCfg = Debug
		{C066782F-D389-456C-8928-1181EF5C1A5B}.Debug|x64.Build.0 = Debug
		{C066782F-D389-456C-8928-1181EF5C1A5B}.Debug|x86.ActiveCfg = Debug
		{C066782F-D389-456C-8928-1181EF5C1A5B}.Debug|x86.Build.0 = Debug
		{C066782F-D389-456C-8928-1181EF5C1A5B}.Release|Any CPU.ActiveCfg = Release
		{C066782F-D389-456C-8928-1181EF5C1A5B}.Release|ARM.ActiveCfg = Release
		{C066782F-D389-456C-8928-1181EF5C1A5B}.Release|ARM.Build.0 = Release
		{C066782F-D389-456C-8928-1181EF5C1A5B}.Release|ARM64.ActiveCfg = Release
		{C066782F-D389-456C-8928-1181EF5C1A5B}.Release|ARM64.Build.0 = Release
		{C066782F-D389-456C-8928-1181EF5C1A5B}.Release|x64.ActiveCfg = Release
		{C066782F-D389-456C-8928-1181EF5C1A5B}.Release|x64.Build.0 = Release
		{C066782F-D389-456C-8928-1181EF5C1A5B}.Release|x86.ActiveCfg = Release
		{C066782F-D389-456C-8928-1181EF5C1A5B}.Release|x86.Build.0 = Release
		{AD6427A3-6297-4274-9877-E6D122921AFB}.All|Any CPU.ActiveCfg = Release|Any CPU
		{AD6427A3-6297-4274-9877-E6D122921AFB}.All|Any CPU.Build.0 = Release|Any CPU
		{AD6427A3-6297-4274-9877-E6D122921AFB}.All|ARM.ActiveCfg = Release|Any CPU
		{AD6427A3-6297-4274-9877-E6D122921AFB}.All|ARM.Build.0 = Release|Any CPU
		{AD6427A3-6297-4274-9877-E6D122921AFB}.All|ARM64.ActiveCfg = Release|Any CPU
		{AD6427A3-6297-4274-9877-E6D122921AFB}.All|ARM64.Build.0 = Release|Any CPU
		{AD6427A3-6297-4274-9877-E6D122921AFB}.All|x64.ActiveCfg = Release|Any CPU
		{AD6427A3-6297-4274-9877-E6D122921AFB}.All|x64.Build.0 = Release|Any CPU
		{AD6427A3-6297-4274-9877-E6D122921AFB}.All|x86.ActiveCfg = Release|Any CPU
		{AD6427A3-6297-4274-9877-E6D122921AFB}.All|x86.Build.0 = Release|Any CPU
		{AD6427A3-6297-4274-9877-E6D122921AFB}.Debug|Any CPU.ActiveCfg = Debug|Any CPU
		{AD6427A3-6297-4274-9877-E6D122921AFB}.Debug|Any CPU.Build.0 = Debug|Any CPU
		{AD6427A3-6297-4274-9877-E6D122921AFB}.Debug|ARM.ActiveCfg = Debug|Any CPU
		{AD6427A3-6297-4274-9877-E6D122921AFB}.Debug|ARM.Build.0 = Debug|Any CPU
		{AD6427A3-6297-4274-9877-E6D122921AFB}.Debug|ARM64.ActiveCfg = Debug|Any CPU
		{AD6427A3-6297-4274-9877-E6D122921AFB}.Debug|ARM64.Build.0 = Debug|Any CPU
		{AD6427A3-6297-4274-9877-E6D122921AFB}.Debug|x64.ActiveCfg = Debug|Any CPU
		{AD6427A3-6297-4274-9877-E6D122921AFB}.Debug|x64.Build.0 = Debug|Any CPU
		{AD6427A3-6297-4274-9877-E6D122921AFB}.Debug|x86.ActiveCfg = Debug|Any CPU
		{AD6427A3-6297-4274-9877-E6D122921AFB}.Debug|x86.Build.0 = Debug|Any CPU
		{AD6427A3-6297-4274-9877-E6D122921AFB}.Release|Any CPU.ActiveCfg = Release|Any CPU
		{AD6427A3-6297-4274-9877-E6D122921AFB}.Release|Any CPU.Build.0 = Release|Any CPU
		{AD6427A3-6297-4274-9877-E6D122921AFB}.Release|ARM.ActiveCfg = Release|Any CPU
		{AD6427A3-6297-4274-9877-E6D122921AFB}.Release|ARM.Build.0 = Release|Any CPU
		{AD6427A3-6297-4274-9877-E6D122921AFB}.Release|ARM64.ActiveCfg = Release|Any CPU
		{AD6427A3-6297-4274-9877-E6D122921AFB}.Release|ARM64.Build.0 = Release|Any CPU
		{AD6427A3-6297-4274-9877-E6D122921AFB}.Release|x64.ActiveCfg = Release|Any CPU
		{AD6427A3-6297-4274-9877-E6D122921AFB}.Release|x64.Build.0 = Release|Any CPU
		{AD6427A3-6297-4274-9877-E6D122921AFB}.Release|x86.ActiveCfg = Release|Any CPU
		{AD6427A3-6297-4274-9877-E6D122921AFB}.Release|x86.Build.0 = Release|Any CPU
		{AD39DE7E-7D43-4C7F-9052-EE22A49D7070}.All|Any CPU.ActiveCfg = Debug|Any CPU
		{AD39DE7E-7D43-4C7F-9052-EE22A49D7070}.All|Any CPU.Build.0 = Debug|Any CPU
		{AD39DE7E-7D43-4C7F-9052-EE22A49D7070}.All|ARM.ActiveCfg = Debug|Any CPU
		{AD39DE7E-7D43-4C7F-9052-EE22A49D7070}.All|ARM.Build.0 = Debug|Any CPU
		{AD39DE7E-7D43-4C7F-9052-EE22A49D7070}.All|ARM64.ActiveCfg = Debug|Any CPU
		{AD39DE7E-7D43-4C7F-9052-EE22A49D7070}.All|ARM64.Build.0 = Debug|Any CPU
		{AD39DE7E-7D43-4C7F-9052-EE22A49D7070}.All|x64.ActiveCfg = Debug|Any CPU
		{AD39DE7E-7D43-4C7F-9052-EE22A49D7070}.All|x64.Build.0 = Debug|Any CPU
		{AD39DE7E-7D43-4C7F-9052-EE22A49D7070}.All|x86.ActiveCfg = Debug|Any CPU
		{AD39DE7E-7D43-4C7F-9052-EE22A49D7070}.All|x86.Build.0 = Debug|Any CPU
		{AD39DE7E-7D43-4C7F-9052-EE22A49D7070}.Debug|Any CPU.ActiveCfg = Debug|Any CPU
		{AD39DE7E-7D43-4C7F-9052-EE22A49D7070}.Debug|Any CPU.Build.0 = Debug|Any CPU
		{AD39DE7E-7D43-4C7F-9052-EE22A49D7070}.Debug|ARM.ActiveCfg = Debug|Any CPU
		{AD39DE7E-7D43-4C7F-9052-EE22A49D7070}.Debug|ARM.Build.0 = Debug|Any CPU
		{AD39DE7E-7D43-4C7F-9052-EE22A49D7070}.Debug|ARM64.ActiveCfg = Debug|Any CPU
		{AD39DE7E-7D43-4C7F-9052-EE22A49D7070}.Debug|ARM64.Build.0 = Debug|Any CPU
		{AD39DE7E-7D43-4C7F-9052-EE22A49D7070}.Debug|x64.ActiveCfg = Debug|Any CPU
		{AD39DE7E-7D43-4C7F-9052-EE22A49D7070}.Debug|x64.Build.0 = Debug|Any CPU
		{AD39DE7E-7D43-4C7F-9052-EE22A49D7070}.Debug|x86.ActiveCfg = Debug|Any CPU
		{AD39DE7E-7D43-4C7F-9052-EE22A49D7070}.Debug|x86.Build.0 = Debug|Any CPU
		{AD39DE7E-7D43-4C7F-9052-EE22A49D7070}.Release|Any CPU.ActiveCfg = Release|Any CPU
		{AD39DE7E-7D43-4C7F-9052-EE22A49D7070}.Release|Any CPU.Build.0 = Release|Any CPU
		{AD39DE7E-7D43-4C7F-9052-EE22A49D7070}.Release|ARM.ActiveCfg = Release|Any CPU
		{AD39DE7E-7D43-4C7F-9052-EE22A49D7070}.Release|ARM.Build.0 = Release|Any CPU
		{AD39DE7E-7D43-4C7F-9052-EE22A49D7070}.Release|ARM64.ActiveCfg = Release|Any CPU
		{AD39DE7E-7D43-4C7F-9052-EE22A49D7070}.Release|ARM64.Build.0 = Release|Any CPU
		{AD39DE7E-7D43-4C7F-9052-EE22A49D7070}.Release|x64.ActiveCfg = Release|Any CPU
		{AD39DE7E-7D43-4C7F-9052-EE22A49D7070}.Release|x64.Build.0 = Release|Any CPU
		{AD39DE7E-7D43-4C7F-9052-EE22A49D7070}.Release|x86.ActiveCfg = Release|Any CPU
		{AD39DE7E-7D43-4C7F-9052-EE22A49D7070}.Release|x86.Build.0 = Release|Any CPU
	EndGlobalSection
	GlobalSection(SolutionProperties) = preSolution
		HideSolutionNode = FALSE
	EndGlobalSection
	GlobalSection(ExtensibilityGlobals) = postSolution
		SolutionGuid = {A1D44AA0-35A5-431A-BFF9-2D5C43251927}
	EndGlobalSection
EndGlobal
